
Microsoft Visual Studio Solution File, Format Version 12.00
# Visual Studio Version 17
VisualStudioVersion = 17.12.35527.113
MinimumVisualStudioVersion = 10.0.40219.1
Project("{FAE04EC0-301F-11D3-BF4B-00C04F79EFBC}") = "345.ReverseVowelsOfAString", "345.ReverseVowelsOfAString\345.ReverseVowelsOfAString.csproj", "{6E64D75E-834D-4BCD-8947-0AEEFA55AF15}"
EndProject
Project("{FAE04EC0-301F-11D3-BF4B-00C04F79EFBC}") = "344.ReverseString", "344.ReverseString\344.ReverseString.csproj", "{50853F92-9D55-4E88-8B1E-0B94B8EBD27A}"
EndProject
Project("{FAE04EC0-301F-11D3-BF4B-00C04F79EFBC}") = "2.TwoSum", "2.TwoSum\2.TwoSum.csproj", "{918FB708-949F-4438-895C-AFA76CB5EF2B}"
EndProject
Project("{FAE04EC0-301F-11D3-BF4B-00C04F79EFBC}") = "141.LinkedListCycle", "141.LinkedListCycle\141.LinkedListCycle.csproj", "{7018BAF2-C475-49E1-9039-5F9624D2BEDA}"
EndProject
Project("{FAE04EC0-301F-11D3-BF4B-00C04F79EFBC}") = "1207.UniqueNumberOfOccurrences", "1207.UniqueNumberOfOccurrences\1207.UniqueNumberOfOccurrences.csproj", "{FE51532E-45AB-47EF-BE73-025B92D6D107}"
EndProject
Project("{2150E333-8FDC-42A3-9474-1A3956D46DE8}") = "TwoPointers", "TwoPointers", "{27A688E0-392C-4D62-B410-E3240C0D2BA1}"
EndProject
Project("{2150E333-8FDC-42A3-9474-1A3956D46DE8}") = "HashTable", "HashTable", "{7097063B-D114-49FE-9EBE-651F84F2C86C}"
EndProject
Project("{FAE04EC0-301F-11D3-BF4B-00C04F79EFBC}") = "70.ClimbingStairs", "70.ClimbingStairs\70.ClimbingStairs.csproj", "{C83CE103-821E-417C-9DD8-01639DA941A6}"
EndProject
Project("{2150E333-8FDC-42A3-9474-1A3956D46DE8}") = "Recursion", "Recursion", "{485F2029-898A-4CFF-826F-3625529CAE07}"
EndProject
Project("{2150E333-8FDC-42A3-9474-1A3956D46DE8}") = "Array", "Array", "{BC702BAF-CD28-441D-8E17-DB29427F9239}"
EndProject
Project("{FAE04EC0-301F-11D3-BF4B-00C04F79EFBC}") = "2239.FindClosestNumberToZero", "2239.FindClosestNumberToZero\2239.FindClosestNumberToZero.csproj", "{454B7F38-C03F-4F3F-B3CA-299E4BC2BD45}"
EndProject
Project("{FAE04EC0-301F-11D3-BF4B-00C04F79EFBC}") = "392.IsSubsequence", "392.IsSubsequence\392.IsSubsequence.csproj", "{E7D6449F-BA5F-4F33-AFF7-5EDDB3EBB4EE}"
EndProject
Project("{FAE04EC0-301F-11D3-BF4B-00C04F79EFBC}") = "1470.ShuffleTheArray", "1470.ShuffleTheArray\1470.ShuffleTheArray.csproj", "{A460CD90-5594-4667-B5F7-C56A56BEC8E3}"
EndProject
Project("{FAE04EC0-301F-11D3-BF4B-00C04F79EFBC}") = "51.NQueens", "51.NQueens\51.NQueens.csproj", "{7558E466-2DE3-4E7D-8E92-6F86AA7CB40A}"
EndProject
Project("{2150E333-8FDC-42A3-9474-1A3956D46DE8}") = "BackTracking", "BackTracking", "{B7EF7743-95F6-4755-BCD3-9AB6071A4C96}"
EndProject
Project("{FAE04EC0-301F-11D3-BF4B-00C04F79EFBC}") = "206.ReverseLinkedList", "206.ReverseLinkedList\206.ReverseLinkedList.csproj", "{7A9F1F6E-9A90-4404-BB70-C77643D181A5}"
EndProject
Global
	GlobalSection(SolutionConfigurationPlatforms) = preSolution
		Debug|Any CPU = Debug|Any CPU
		Release|Any CPU = Release|Any CPU
	EndGlobalSection
	GlobalSection(ProjectConfigurationPlatforms) = postSolution
		{6E64D75E-834D-4BCD-8947-0AEEFA55AF15}.Debug|Any CPU.ActiveCfg = Debug|Any CPU
		{6E64D75E-834D-4BCD-8947-0AEEFA55AF15}.Debug|Any CPU.Build.0 = Debug|Any CPU
		{6E64D75E-834D-4BCD-8947-0AEEFA55AF15}.Release|Any CPU.ActiveCfg = Release|Any CPU
		{6E64D75E-834D-4BCD-8947-0AEEFA55AF15}.Release|Any CPU.Build.0 = Release|Any CPU
		{50853F92-9D55-4E88-8B1E-0B94B8EBD27A}.Debug|Any CPU.ActiveCfg = Debug|Any CPU
		{50853F92-9D55-4E88-8B1E-0B94B8EBD27A}.Debug|Any CPU.Build.0 = Debug|Any CPU
		{50853F92-9D55-4E88-8B1E-0B94B8EBD27A}.Release|Any CPU.ActiveCfg = Release|Any CPU
		{50853F92-9D55-4E88-8B1E-0B94B8EBD27A}.Release|Any CPU.Build.0 = Release|Any CPU
		{918FB708-949F-4438-895C-AFA76CB5EF2B}.Debug|Any CPU.ActiveCfg = Debug|Any CPU
		{918FB708-949F-4438-895C-AFA76CB5EF2B}.Debug|Any CPU.Build.0 = Debug|Any CPU
		{918FB708-949F-4438-895C-AFA76CB5EF2B}.Release|Any CPU.ActiveCfg = Release|Any CPU
		{918FB708-949F-4438-895C-AFA76CB5EF2B}.Release|Any CPU.Build.0 = Release|Any CPU
		{7018BAF2-C475-49E1-9039-5F9624D2BEDA}.Debug|Any CPU.ActiveCfg = Debug|Any CPU
		{7018BAF2-C475-49E1-9039-5F9624D2BEDA}.Debug|Any CPU.Build.0 = Debug|Any CPU
		{7018BAF2-C475-49E1-9039-5F9624D2BEDA}.Release|Any CPU.ActiveCfg = Release|Any CPU
		{7018BAF2-C475-49E1-9039-5F9624D2BEDA}.Release|Any CPU.Build.0 = Release|Any CPU
		{FE51532E-45AB-47EF-BE73-025B92D6D107}.Debug|Any CPU.ActiveCfg = Debug|Any CPU
		{FE51532E-45AB-47EF-BE73-025B92D6D107}.Debug|Any CPU.Build.0 = Debug|Any CPU
		{FE51532E-45AB-47EF-BE73-025B92D6D107}.Release|Any CPU.ActiveCfg = Release|Any CPU
		{FE51532E-45AB-47EF-BE73-025B92D6D107}.Release|Any CPU.Build.0 = Release|Any CPU
		{C83CE103-821E-417C-9DD8-01639DA941A6}.Debug|Any CPU.ActiveCfg = Debug|Any CPU
		{C83CE103-821E-417C-9DD8-01639DA941A6}.Debug|Any CPU.Build.0 = Debug|Any CPU
		{C83CE103-821E-417C-9DD8-01639DA941A6}.Release|Any CPU.ActiveCfg = Release|Any CPU
		{C83CE103-821E-417C-9DD8-01639DA941A6}.Release|Any CPU.Build.0 = Release|Any CPU
		{454B7F38-C03F-4F3F-B3CA-299E4BC2BD45}.Debug|Any CPU.ActiveCfg = Debug|Any CPU
		{454B7F38-C03F-4F3F-B3CA-299E4BC2BD45}.Debug|Any CPU.Build.0 = Debug|Any CPU
		{454B7F38-C03F-4F3F-B3CA-299E4BC2BD45}.Release|Any CPU.ActiveCfg = Release|Any CPU
		{454B7F38-C03F-4F3F-B3CA-299E4BC2BD45}.Release|Any CPU.Build.0 = Release|Any CPU
		{E7D6449F-BA5F-4F33-AFF7-5EDDB3EBB4EE}.Debug|Any CPU.ActiveCfg = Debug|Any CPU
		{E7D6449F-BA5F-4F33-AFF7-5EDDB3EBB4EE}.Debug|Any CPU.Build.0 = Debug|Any CPU
		{E7D6449F-BA5F-4F33-AFF7-5EDDB3EBB4EE}.Release|Any CPU.ActiveCfg = Release|Any CPU
		{E7D6449F-BA5F-4F33-AFF7-5EDDB3EBB4EE}.Release|Any CPU.Build.0 = Release|Any CPU
		{A460CD90-5594-4667-B5F7-C56A56BEC8E3}.Debug|Any CPU.ActiveCfg = Debug|Any CPU
		{A460CD90-5594-4667-B5F7-C56A56BEC8E3}.Debug|Any CPU.Build.0 = Debug|Any CPU
		{A460CD90-5594-4667-B5F7-C56A56BEC8E3}.Release|Any CPU.ActiveCfg = Release|Any CPU
		{A460CD90-5594-4667-B5F7-C56A56BEC8E3}.Release|Any CPU.Build.0 = Release|Any CPU
		{7558E466-2DE3-4E7D-8E92-6F86AA7CB40A}.Debug|Any CPU.ActiveCfg = Debug|Any CPU
		{7558E466-2DE3-4E7D-8E92-6F86AA7CB40A}.Debug|Any CPU.Build.0 = Debug|Any CPU
		{7558E466-2DE3-4E7D-8E92-6F86AA7CB40A}.Release|Any CPU.ActiveCfg = Release|Any CPU
		{7558E466-2DE3-4E7D-8E92-6F86AA7CB40A}.Release|Any CPU.Build.0 = Release|Any CPU
		{7A9F1F6E-9A90-4404-BB70-C77643D181A5}.Debug|Any CPU.ActiveCfg = Debug|Any CPU
		{7A9F1F6E-9A90-4404-BB70-C77643D181A5}.Debug|Any CPU.Build.0 = Debug|Any CPU
		{7A9F1F6E-9A90-4404-BB70-C77643D181A5}.Release|Any CPU.ActiveCfg = Release|Any CPU
		{7A9F1F6E-9A90-4404-BB70-C77643D181A5}.Release|Any CPU.Build.0 = Release|Any CPU
	EndGlobalSection
	GlobalSection(SolutionProperties) = preSolution
		HideSolutionNode = FALSE
	EndGlobalSection
	GlobalSection(NestedProjects) = preSolution
		{6E64D75E-834D-4BCD-8947-0AEEFA55AF15} = {27A688E0-392C-4D62-B410-E3240C0D2BA1}
		{50853F92-9D55-4E88-8B1E-0B94B8EBD27A} = {27A688E0-392C-4D62-B410-E3240C0D2BA1}
		{918FB708-949F-4438-895C-AFA76CB5EF2B} = {27A688E0-392C-4D62-B410-E3240C0D2BA1}
		{7018BAF2-C475-49E1-9039-5F9624D2BEDA} = {7097063B-D114-49FE-9EBE-651F84F2C86C}
		{FE51532E-45AB-47EF-BE73-025B92D6D107} = {7097063B-D114-49FE-9EBE-651F84F2C86C}
		{C83CE103-821E-417C-9DD8-01639DA941A6} = {485F2029-898A-4CFF-826F-3625529CAE07}
		{454B7F38-C03F-4F3F-B3CA-299E4BC2BD45} = {BC702BAF-CD28-441D-8E17-DB29427F9239}
		{E7D6449F-BA5F-4F33-AFF7-5EDDB3EBB4EE} = {27A688E0-392C-4D62-B410-E3240C0D2BA1}
		{A460CD90-5594-4667-B5F7-C56A56BEC8E3} = {BC702BAF-CD28-441D-8E17-DB29427F9239}
		{7558E466-2DE3-4E7D-8E92-6F86AA7CB40A} = {B7EF7743-95F6-4755-BCD3-9AB6071A4C96}
	EndGlobalSection
EndGlobal
